{
    "_readme": [
        "This file locks the dependencies of your project to a known state",
        "Read more about it at http://getcomposer.org/doc/01-basic-usage.md#composer-lock-the-lock-file"
    ],
    "hash": "7e5eccffeff26305123e9ca73eb0056f",
    "packages": [
        {
            "name": "data-values/data-types",
            "version": "dev-master",
            "source": {
                "type": "git",
                "url": "https://github.com/wikimedia/mediawiki-extensions-DataTypes.git",
                "reference": "2b43badc9607f8775f08efee820f7c5a15665f32"
            },
            "dist": {
                "type": "zip",
                "url": "https://api.github.com/repos/wikimedia/mediawiki-extensions-DataTypes/zipball/2b43badc9607f8775f08efee820f7c5a15665f32",
                "reference": "2b43badc9607f8775f08efee820f7c5a15665f32",
                "shasum": ""
            },
            "require": {
                "data-values/data-values": "dev-master",
                "php": ">=5.3.0"
            },
            "type": "library",
            "autoload": {
                "files": [
                    "DataTypes.php"
                ]
            },
            "notification-url": "https://packagist.org/downloads/",
            "license": [
                "GPL-2.0+"
            ],
            "authors": [
                {
                    "name": "Jeroen De Dauw",
                    "email": "jeroendedauw@gmail.com",
                    "homepage": "http://jeroendedauw.com",
                    "role": "Developer"
                },
                {
                    "name": "Wikidata community",
                    "homepage": "https://wikidata.org",
                    "role": "Developer"
                }
            ],
            "description": "PHP library defining the DataTypes\\DataType class of which instances represent a type of value, such as \"positive integer\" or \"percentage\".",
            "homepage": "https://www.mediawiki.org/wiki/Extension:DataTypes",
            "keywords": [
                "datatypes",
                "datavalues"
            ],
            "time": "2013-09-04 15:55:48"
        },
        {
            "name": "data-values/data-values",
            "version": "dev-master",
            "source": {
                "type": "git",
                "url": "https://github.com/wikimedia/mediawiki-extensions-DataValues.git",
                "reference": "83e300be27b6db5eebab505dd74273d041414f7f"
            },
            "dist": {
                "type": "zip",
                "url": "https://api.github.com/repos/wikimedia/mediawiki-extensions-DataValues/zipball/83e300be27b6db5eebab505dd74273d041414f7f",
                "reference": "83e300be27b6db5eebab505dd74273d041414f7f",
                "shasum": ""
            },
            "require": {
                "php": ">=5.3.0"
            },
            "replace": {
                "mediawiki/data-values": "*"
            },
            "type": "library",
            "autoload": {
                "files": [
                    "DataValues.php"
                ]
            },
            "notification-url": "https://packagist.org/downloads/",
            "license": [
                "GPL-2.0+"
            ],
            "authors": [
                {
                    "name": "Jeroen De Dauw",
                    "email": "jeroendedauw@gmail.com",
                    "homepage": "http://jeroendedauw.com",
                    "role": "Developer"
                }
            ],
            "description": "A library containing definitions for various values (ie quantities, times, coordinates, etc)",
            "homepage": "https://www.mediawiki.org/wiki/Extension:DataValues",
            "keywords": [
                "datatypes",
                "datavalues",
                "valueformatters",
                "valueparsers",
                "valuevalidators",
                "wikidata"
            ],
            "time": "2013-09-13 14:49:19"
        },
        {
            "name": "diff/diff",
            "version": "dev-master",
            "source": {
                "type": "git",
                "url": "https://github.com/wikimedia/mediawiki-extensions-Diff.git",
                "reference": "4404dc77bb98b605e48c49ef4aec5472cd767470"
            },
            "dist": {
                "type": "zip",
                "url": "https://api.github.com/repos/wikimedia/mediawiki-extensions-Diff/zipball/4404dc77bb98b605e48c49ef4aec5472cd767470",
                "reference": "4404dc77bb98b605e48c49ef4aec5472cd767470",
                "shasum": ""
            },
            "require": {
                "php": ">=5.3.0"
            },
            "require-dev": {
                "satooshi/php-coveralls": "dev-master"
            },
            "type": "library",
            "autoload": {
                "files": [
                    "Diff.php"
                ]
            },
            "notification-url": "https://packagist.org/downloads/",
            "license": [
                "GPL-2.0+"
            ],
            "authors": [
                {
                    "name": "Jeroen De Dauw",
                    "email": "jeroendedauw@gmail.com",
                    "homepage": "http://jeroendedauw.com",
                    "role": "Developer"
                }
            ],
            "description": "Library for diffing, patching and representing differences between complex objects",
            "homepage": "https://github.com/wikimedia/mediawiki-extensions-Diff",
            "keywords": [
                "diff",
                "wikidata"
            ],
            "time": "2013-09-11 19:35:45"
        },
        {
            "name": "wikibase/data-model",
            "version": "dev-master",
            "source": {
                "type": "git",
                "url": "https://github.com/wikimedia/mediawiki-extensions-WikibaseDataModel.git",
                "reference": "9d972661d0ee7026979eed80564061be8409bfd0"
            },
            "dist": {
                "type": "zip",
                "url": "https://api.github.com/repos/wikimedia/mediawiki-extensions-WikibaseDataModel/zipball/9d972661d0ee7026979eed80564061be8409bfd0",
                "reference": "9d972661d0ee7026979eed80564061be8409bfd0",
                "shasum": ""
            },
            "require": {
                "data-values/data-values": "dev-master",
                "diff/diff": "dev-master",
                "php": ">=5.3.0"
            },
            "type": "library",
            "autoload": {
                "files": [
                    "WikibaseDataModel.php"
                ]
            },
            "notification-url": "https://packagist.org/downloads/",
            "license": [
                "GPL-2.0+"
            ],
            "authors": [
                {
                    "name": "Jeroen De Dauw",
                    "email": "jeroendedauw@gmail.com",
                    "homepage": "http://jeroendedauw.com",
                    "role": "Developer"
                }
            ],
            "description": "PHP implementation of the Wikibase DataModel",
            "homepage": "https://www.mediawiki.org/wiki/Extension:WikibaseDataModel",
            "keywords": [
                "DataModel",
                "wikibase",
                "wikidata"
            ],
            "time": "2013-09-13 20:49:37"
        }
    ],
    "packages-dev": [

    ],
    "aliases": [

    ],
    "minimum-stability": "dev",
    "stability-flags": [

    ],
    "platform": {
        "php": ">=5.3.0"
    },
    "platform-dev": [

    ]
}
